github.com/Starshine113/pkgo v0.2.0 h1:tl3TLoaDI8Zo4ctfLCSV+S8AY4OApTSwpr7mgMUen2U=
github.com/Starshine113/pkgo v0.2.0/go.mod h1:QCVBagv4HQgZJ0lsTnrejfA1er1iEu5DhKq8gtRyIC0=
github.com/spf13/pflag v1.0.5 h1:iy+VFUOCP1a+8yFto/drg2CJ5u0yRoB7fZw3DKv/JXA=
github.com/spf13/pflag v1.0.5/go.mod h1:McXfInJRrz4CZXVZOBLb0bTZqETkiAhM9Iw0y3An2Bg=
